
Microsoft Visual Studio Solution File, Format Version 12.00
# Visual Studio Version 17
VisualStudioVersion = 17.5.002.0
MinimumVisualStudioVersion = 10.0.40219.1
Project("{9A19103F-16F7-4668-BE54-9A1E7A4F7556}") = "Contacts.Api", "Contacts.Api.csproj", "{A5151F75-F955-4CB6-AD66-3CD63BECDB66}"
EndProject
Global
	GlobalSection(SolutionConfigurationPlatforms) = preSolution
		Debug|Any CPU = Debug|Any CPU
		Release|Any CPU = Release|Any CPU
	EndGlobalSection
	GlobalSection(ProjectConfigurationPlatforms) = postSolution
		{A5151F75-F955-4CB6-AD66-3CD63BECDB66}.Debug|Any CPU.ActiveCfg = Debug|Any CPU
		{A5151F75-F955-4CB6-AD66-3CD63BECDB66}.Debug|Any CPU.Build.0 = Debug|Any CPU
		{A5151F75-F955-4CB6-AD66-3CD63BECDB66}.Release|Any CPU.ActiveCfg = Release|Any CPU
		{A5151F75-F955-4CB6-AD66-3CD63BECDB66}.Release|Any CPU.Build.0 = Release|Any CPU
	EndGlobalSection
	GlobalSection(SolutionProperties) = preSolution
		HideSolutionNode = FALSE
	EndGlobalSection
	GlobalSection(ExtensibilityGlobals) = postSolution
		SolutionGuid = {DC95A881-EC08-4AA9-AB5C-3FFAEE556777}
	EndGlobalSection
EndGlobal
